// !$*UTF8*$!
{
	archiveVersion = 1;
	classes = {
	};
	objectVersion = 46;
	objects = {
/* Begin PBXBuildFile section */
		0207DA581B56EA530066E2B4 /* Images.xcassets in Resources */ = {isa = PBXBuildFile; fileRef = 0207DA571B56EA530066E2B4 /* Images.xcassets */; };
		1D3623260D0F684500981E51 /* AppDelegate.m in Sources */ = {isa = PBXBuildFile; fileRef = 1D3623250D0F684500981E51 /* AppDelegate.m */; };
		1D60589B0D05DD56006BFB54 /* main.m in Sources */ = {isa = PBXBuildFile; fileRef = 29B97316FDCFA39411CA2CEA /* main.m */; };
		301BF552109A68D80062928A /* libCordova.a in Frameworks */ = {isa = PBXBuildFile; fileRef = 301BF535109A57CC0062928A /* libCordova.a */; };
		302D95F114D2391D003F00A1 /* MainViewController.m in Sources */ = {isa = PBXBuildFile; fileRef = 302D95EF14D2391D003F00A1 /* MainViewController.m */; };
		302D95F214D2391D003F00A1 /* MainViewController.xib in Resources */ = {isa = PBXBuildFile; fileRef = 302D95F014D2391D003F00A1 /* MainViewController.xib */; };
		3047A5121AB8059700498E2A /* build-debug.xcconfig in Resources */ = {isa = PBXBuildFile; fileRef = 3047A50F1AB8059700498E2A /* build-debug.xcconfig */; };
		3047A5131AB8059700498E2A /* build-release.xcconfig in Resources */ = {isa = PBXBuildFile; fileRef = 3047A5101AB8059700498E2A /* build-release.xcconfig */; };
		3047A5141AB8059700498E2A /* build.xcconfig in Resources */ = {isa = PBXBuildFile; fileRef = 3047A5111AB8059700498E2A /* build.xcconfig */; };
		6AFF5BF91D6E424B00AB3073 /* CDVLaunchScreen.storyboard in Resources */ = {isa = PBXBuildFile; fileRef = 6AFF5BF81D6E424B00AB3073 /* CDVLaunchScreen.storyboard */; };
		42A7533DC3614453B3276D98 /* CDVStatusBar.m in Sources */ = {isa = PBXBuildFile; fileRef = D9B2A400BACE4D4DBD5B26EB /* CDVStatusBar.m */; };
		693F4F3CFDFD488FA28B4B20 /* CDVDevice.m in Sources */ = {isa = PBXBuildFile; fileRef = 262976073D58480F83B9D871 /* CDVDevice.m */; };
		9F341CE8B9664CA99D0BA487 /* CDVSplashScreen.m in Sources */ = {isa = PBXBuildFile; fileRef = 561E4D656FAE48AA81FA5A1F /* CDVSplashScreen.m */; };
		9A5B8472DD6742B28C18379B /* CDVViewController+SplashScreen.m in Sources */ = {isa = PBXBuildFile; fileRef = 6E632ADB1A344DF5904456AC /* CDVViewController+SplashScreen.m */; };
		2FBDD264B7C5464395A12486 /* CDVWKWebViewEngine.m in Sources */ = {isa = PBXBuildFile; fileRef = 145AA7DC8B5D43D19E5F91D2 /* CDVWKWebViewEngine.m */; };
		956252CA23B84C08BB4C8F9B /* CDVWKWebViewUIDelegate.m in Sources */ = {isa = PBXBuildFile; fileRef = 4F5814F67B4D49CBB52A66A7 /* CDVWKWebViewUIDelegate.m */; };
		0EF809783E674699AF049187 /* CDVWKProcessPoolFactory.m in Sources */ = {isa = PBXBuildFile; fileRef = 889E607CFE5045F7AF263F0A /* CDVWKProcessPoolFactory.m */; };
		B7A11773D61C4ECFABEB3B98 /* GCDWebServer.m in Sources */ = {isa = PBXBuildFile; fileRef = ABB48D365EDE4B74B86B3663 /* GCDWebServer.m */; };
		98666DAC71C7480CA501BBDF /* GCDWebServerConnection.m in Sources */ = {isa = PBXBuildFile; fileRef = 1D1C62614AC144AA8031FBB7 /* GCDWebServerConnection.m */; };
		9455078719364EEC9176D4C8 /* GCDWebServerFunctions.m in Sources */ = {isa = PBXBuildFile; fileRef = D8BD616353974891923BC39F /* GCDWebServerFunctions.m */; };
		75047E91C16145D68EC52B75 /* GCDWebServerRequest.m in Sources */ = {isa = PBXBuildFile; fileRef = 20A255B16F9944D1BEB80687 /* GCDWebServerRequest.m */; };
		EDEF889C2E264E98BCFD8907 /* GCDWebServerResponse.m in Sources */ = {isa = PBXBuildFile; fileRef = 5E70993099364719BCE33C07 /* GCDWebServerResponse.m */; };
		BE4A855B8CC04E7290051CF6 /* GCDWebServerDataRequest.m in Sources */ = {isa = PBXBuildFile; fileRef = 88FC2592FD6241B4920E38E8 /* GCDWebServerDataRequest.m */; };
		17152201B931456EB971F20F /* GCDWebServerFileRequest.m in Sources */ = {isa = PBXBuildFile; fileRef = 44CE5B297416409A91FD2C7B /* GCDWebServerFileRequest.m */; };
		1C0F5C6BE6E341D0ADFC8BF7 /* GCDWebServerMultiPartFormRequest.m in Sources */ = {isa = PBXBuildFile; fileRef = A976B1EBF0A54770A184F93C /* GCDWebServerMultiPartFormRequest.m */; };
		3A3B6BDCFFC449A0BA96EEA2 /* GCDWebServerURLEncodedFormRequest.m in Sources */ = {isa = PBXBuildFile; fileRef = 72D169F05BC74CAC95F08080 /* GCDWebServerURLEncodedFormRequest.m */; };
		BFC421CC31A34EBEA6299B02 /* GCDWebServerDataResponse.m in Sources */ = {isa = PBXBuildFile; fileRef = 110BDB745205410390CD4BFF /* GCDWebServerDataResponse.m */; };
		6446CF2B4AB047BA88D07B8E /* GCDWebServerErrorResponse.m in Sources */ = {isa = PBXBuildFile; fileRef = 5D4C1269DA2F4ED3AF16CB4B /* GCDWebServerErrorResponse.m */; };
		50754902E3AA467E87EE2F08 /* GCDWebServerFileResponse.m in Sources */ = {isa = PBXBuildFile; fileRef = 814D05B20BA64DA1A2D46D96 /* GCDWebServerFileResponse.m */; };
		CFD7EDC379C3453D8938669B /* GCDWebServerStreamedResponse.m in Sources */ = {isa = PBXBuildFile; fileRef = 209B51CE17094C4E8604F8E6 /* GCDWebServerStreamedResponse.m */; };
		84B53C3F480147ECB4B2FD44 /* WebKit.framework in Frameworks */ = {isa = PBXBuildFile; fileRef = A2F1652737FA4A6695DC5F80 /* WebKit.framework */; settings = {ATTRIBUTES = (Weak, ); }; };
		837CA8B310D8442F85294F57 /* libz.tbd in Frameworks */ = {isa = PBXBuildFile; fileRef = 4C5BFF4B17FC4B91A7FBB071 /* libz.tbd */; };
		38484E0563504DC78C6BE7CF /* CDVIonicKeyboard.m in Sources */ = {isa = PBXBuildFile; fileRef = 149DDAE8DDFB4B848B74A3D6 /* CDVIonicKeyboard.m */; };
		36CBB1E534F64A8BB24B5414 /* CDVFile.m in Sources */ = {isa = PBXBuildFile; fileRef = 6A89343A7C054B46AB78C574 /* CDVFile.m */; };
		A32D8327E57244AEA32C1A02 /* CDVLocalFilesystem.m in Sources */ = {isa = PBXBuildFile; fileRef = E77C2B194BBC4E8FBF30CED0 /* CDVLocalFilesystem.m */; };
		270C9E97C2B54450B75D2F4A /* CDVAssetLibraryFilesystem.m in Sources */ = {isa = PBXBuildFile; fileRef = B9379A14F999456888CEDD30 /* CDVAssetLibraryFilesystem.m */; };
		EE5E785F09ED4A65B96ABC0C /* CordovaHttpPlugin.m in Sources */ = {isa = PBXBuildFile; fileRef = E1C48D364DE640E58C9AAF2B /* CordovaHttpPlugin.m */; };
		2D5DF2138F4C4895B00723D4 /* TextResponseSerializer.m in Sources */ = {isa = PBXBuildFile; fileRef = 9C98EDA2269449D0A080D638 /* TextResponseSerializer.m */; };
		EA6F9D890C5B4B23BE0D41A5 /* TextRequestSerializer.m in Sources */ = {isa = PBXBuildFile; fileRef = B881CB58AC1A4DB59A9E3F57 /* TextRequestSerializer.m */; };
		B56F55177916453C824D464F /* AFHTTPSessionManager.m in Sources */ = {isa = PBXBuildFile; fileRef = 1E83E61CBFCC448694C87A59 /* AFHTTPSessionManager.m */; };
		BC3430A2EDFE4C5E86768922 /* AFNetworkReachabilityManager.m in Sources */ = {isa = PBXBuildFile; fileRef = 3CE25D4DB6F44AA3B7D02D58 /* AFNetworkReachabilityManager.m */; };
		04E51044ADBA42FF9D5C8D0E /* AFSecurityPolicy.m in Sources */ = {isa = PBXBuildFile; fileRef = E452AB9B126D4E0095BB4FDF /* AFSecurityPolicy.m */; };
		A2786817A2ED4A83B627AFC8 /* AFURLRequestSerialization.m in Sources */ = {isa = PBXBuildFile; fileRef = 7D947312C9EB48F1BDAE0BCB /* AFURLRequestSerialization.m */; };
		EFA3B6C83FB7448DA1CAC4D8 /* AFURLResponseSerialization.m in Sources */ = {isa = PBXBuildFile; fileRef = B3603D8EBA124C9EB1889534 /* AFURLResponseSerialization.m */; };
		7713F86CC1234EE2B69BA6F1 /* AFURLSessionManager.m in Sources */ = {isa = PBXBuildFile; fileRef = 45A1F1BE4C98444792E6F90E /* AFURLSessionManager.m */; };
		3727CDB036BB4D508C272E97 /* SDNetworkActivityIndicator.m in Sources */ = {isa = PBXBuildFile; fileRef = E08306FA7DA64E8089B61679 /* SDNetworkActivityIndicator.m */; };
		2C037D7A2BBF4DC3B1E8B97A /* Security.framework in Frameworks */ = {isa = PBXBuildFile; fileRef = 8181A3A7D0264B819F1C5370 /* Security.framework */; };
		B3795A81E0804A09AB79F53D /* SystemConfiguration.framework in Frameworks */ = {isa = PBXBuildFile; fileRef = 7260D444DB8A4946B426235C /* SystemConfiguration.framework */; };
/* End PBXBuildFile section */

/* Begin PBXContainerItemProxy section */
		301BF534109A57CC0062928A /* PBXContainerItemProxy */ = {
			isa = PBXContainerItemProxy;
			containerPortal = 301BF52D109A57CC0062928A /* CordovaLib.xcodeproj */;
			proxyType = 2;
			remoteGlobalIDString = D2AAC07E0554694100DB518D;
			remoteInfo = CordovaLib;
		};
		301BF550109A68C00062928A /* PBXContainerItemProxy */ = {
			isa = PBXContainerItemProxy;
			containerPortal = 301BF52D109A57CC0062928A /* CordovaLib.xcodeproj */;
			proxyType = 1;
			remoteGlobalIDString = D2AAC07D0554694100DB518D;
			remoteInfo = CordovaLib;
		};
/* End PBXContainerItemProxy section */

/* Begin PBXFileReference section */
		0207DA571B56EA530066E2B4 /* Images.xcassets */ = {isa = PBXFileReference; lastKnownFileType = folder.assetcatalog; name = Images.xcassets; path = "simplepos/Images.xcassets"; sourceTree = SOURCE_ROOT; };
		1D3623240D0F684500981E51 /* AppDelegate.h */ = {isa = PBXFileReference; fileEncoding = 4; lastKnownFileType = sourcecode.c.h; path = AppDelegate.h; sourceTree = "<group>"; };
		1D3623250D0F684500981E51 /* AppDelegate.m */ = {isa = PBXFileReference; fileEncoding = 4; lastKnownFileType = sourcecode.c.objc; path = AppDelegate.m; sourceTree = "<group>"; };
		1D6058910D05DD3D006BFB54 /* simplepos.app */ = {isa = PBXFileReference; explicitFileType = wrapper.application; includeInIndex = 0; path = "simplepos.app"; sourceTree = BUILT_PRODUCTS_DIR; };
		29B97316FDCFA39411CA2CEA /* main.m */ = {isa = PBXFileReference; fileEncoding = 4; lastKnownFileType = sourcecode.c.objc; path = main.m; sourceTree = "<group>"; };
		301BF52D109A57CC0062928A /* CordovaLib.xcodeproj */ = {isa = PBXFileReference; lastKnownFileType = "wrapper.pb-project"; path = CordovaLib/CordovaLib.xcodeproj; sourceTree = "<group>"; };
		301BF56E109A69640062928A /* www */ = {isa = PBXFileReference; lastKnownFileType = folder; path = www; sourceTree = SOURCE_ROOT; };
		302D95EE14D2391D003F00A1 /* MainViewController.h */ = {isa = PBXFileReference; fileEncoding = 4; lastKnownFileType = sourcecode.c.h; path = MainViewController.h; sourceTree = "<group>"; };
		302D95EF14D2391D003F00A1 /* MainViewController.m */ = {isa = PBXFileReference; fileEncoding = 4; lastKnownFileType = sourcecode.c.objc; path = MainViewController.m; sourceTree = "<group>"; };
		302D95F014D2391D003F00A1 /* MainViewController.xib */ = {isa = PBXFileReference; fileEncoding = 4; lastKnownFileType = file.xib; path = MainViewController.xib; sourceTree = "<group>"; };
		3047A50F1AB8059700498E2A /* build-debug.xcconfig */ = {isa = PBXFileReference; fileEncoding = 4; lastKnownFileType = text.xcconfig; name = "build-debug.xcconfig"; path = cordova/build-debug.xcconfig; sourceTree = SOURCE_ROOT; };
		3047A5101AB8059700498E2A /* build-release.xcconfig */ = {isa = PBXFileReference; fileEncoding = 4; lastKnownFileType = text.xcconfig; name = "build-release.xcconfig"; path = cordova/build-release.xcconfig; sourceTree = SOURCE_ROOT; };
		3047A5111AB8059700498E2A /* build.xcconfig */ = {isa = PBXFileReference; fileEncoding = 4; lastKnownFileType = text.xcconfig; name = build.xcconfig; path = cordova/build.xcconfig; sourceTree = SOURCE_ROOT; };
		32CA4F630368D1EE00C91783 /* simplepos-Prefix.pch */ = {isa = PBXFileReference; fileEncoding = 4; lastKnownFileType = sourcecode.c.h; path = "simplepos-Prefix.pch"; sourceTree = "<group>"; };
		6AFF5BF81D6E424B00AB3073 /* CDVLaunchScreen.storyboard */ = {isa = PBXFileReference; fileEncoding = 4; lastKnownFileType = file.storyboard; name = CDVLaunchScreen.storyboard; path = "simplepos/CDVLaunchScreen.storyboard"; sourceTree = SOURCE_ROOT; };
		8D1107310486CEB800E47090 /* simplepos-Info.plist */ = {isa = PBXFileReference; fileEncoding = 4; lastKnownFileType = text.plist.xml; name = "simplepos-Info.plist"; path = "simplepos/simplepos-Info.plist"; plistStructureDefinitionIdentifier = "com.apple.xcode.plist.structure-definition.iphone.info-plist"; sourceTree = SOURCE_ROOT; };
		EB87FDF31871DA8E0020F90C /* www */ = {isa = PBXFileReference; lastKnownFileType = folder; name = www; path = ../../www; sourceTree = "<group>"; };
		EB87FDF41871DAF40020F90C /* config.xml */ = {isa = PBXFileReference; lastKnownFileType = text.xml; name = config.xml; path = ../../config.xml; sourceTree = "<group>"; };
		F840E1F0165FE0F500CFE078 /* config.xml */ = {isa = PBXFileReference; lastKnownFileType = text.xml; name = config.xml; path = "simplepos/config.xml"; sourceTree = "<group>"; };
		ED33DF2A687741AEAF9F8254 /* Bridging-Header.h */ = {isa = PBXFileReference; fileEncoding = 4; lastKnownFileType = sourcecode.c.h; name = "Bridging-Header.h"; path = "Bridging-Header.h"; sourceTree = "<group>"; };
		D9B2A400BACE4D4DBD5B26EB /* CDVStatusBar.m */ = {isa = PBXFileReference; name = "CDVStatusBar.m"; path = "cordova-plugin-statusbar/CDVStatusBar.m"; sourceTree = "<group>"; fileEncoding = 4; lastKnownFileType = sourcecode.c.objc; explicitFileType = undefined; includeInIndex = 0; };
		0C068E7FD8AC4E24950BA666 /* CDVStatusBar.h */ = {isa = PBXFileReference; name = "CDVStatusBar.h"; path = "cordova-plugin-statusbar/CDVStatusBar.h"; sourceTree = "<group>"; fileEncoding = 4; lastKnownFileType = sourcecode.c.h; explicitFileType = undefined; includeInIndex = 0; };
		262976073D58480F83B9D871 /* CDVDevice.m */ = {isa = PBXFileReference; name = "CDVDevice.m"; path = "cordova-plugin-device/CDVDevice.m"; sourceTree = "<group>"; fileEncoding = 4; lastKnownFileType = sourcecode.c.objc; explicitFileType = undefined; includeInIndex = 0; };
		CFDE6B8E04CC4FC3BA45788B /* CDVDevice.h */ = {isa = PBXFileReference; name = "CDVDevice.h"; path = "cordova-plugin-device/CDVDevice.h"; sourceTree = "<group>"; fileEncoding = 4; lastKnownFileType = sourcecode.c.h; explicitFileType = undefined; includeInIndex = 0; };
		561E4D656FAE48AA81FA5A1F /* CDVSplashScreen.m */ = {isa = PBXFileReference; name = "CDVSplashScreen.m"; path = "cordova-plugin-splashscreen/CDVSplashScreen.m"; sourceTree = "<group>"; fileEncoding = 4; lastKnownFileType = sourcecode.c.objc; explicitFileType = undefined; includeInIndex = 0; };
		6E632ADB1A344DF5904456AC /* CDVViewController+SplashScreen.m */ = {isa = PBXFileReference; name = "CDVViewController+SplashScreen.m"; path = "cordova-plugin-splashscreen/CDVViewController+SplashScreen.m"; sourceTree = "<group>"; fileEncoding = 4; lastKnownFileType = sourcecode.c.objc; explicitFileType = undefined; includeInIndex = 0; };
		753AB64FB1EA4387806FD99E /* CDVSplashScreen.h */ = {isa = PBXFileReference; name = "CDVSplashScreen.h"; path = "cordova-plugin-splashscreen/CDVSplashScreen.h"; sourceTree = "<group>"; fileEncoding = 4; lastKnownFileType = sourcecode.c.h; explicitFileType = undefined; includeInIndex = 0; };
		F52511D650A04DA98A99DEC6 /* CDVViewController+SplashScreen.h */ = {isa = PBXFileReference; name = "CDVViewController+SplashScreen.h"; path = "cordova-plugin-splashscreen/CDVViewController+SplashScreen.h"; sourceTree = "<group>"; fileEncoding = 4; lastKnownFileType = sourcecode.c.h; explicitFileType = undefined; includeInIndex = 0; };
		145AA7DC8B5D43D19E5F91D2 /* CDVWKWebViewEngine.m */ = {isa = PBXFileReference; name = "CDVWKWebViewEngine.m"; path = "cordova-plugin-ionic-webview/CDVWKWebViewEngine.m"; sourceTree = "<group>"; fileEncoding = 4; lastKnownFileType = sourcecode.c.objc; explicitFileType = undefined; includeInIndex = 0; };
		4F5814F67B4D49CBB52A66A7 /* CDVWKWebViewUIDelegate.m */ = {isa = PBXFileReference; name = "CDVWKWebViewUIDelegate.m"; path = "cordova-plugin-ionic-webview/CDVWKWebViewUIDelegate.m"; sourceTree = "<group>"; fileEncoding = 4; lastKnownFileType = sourcecode.c.objc; explicitFileType = undefined; includeInIndex = 0; };
		889E607CFE5045F7AF263F0A /* CDVWKProcessPoolFactory.m */ = {isa = PBXFileReference; name = "CDVWKProcessPoolFactory.m"; path = "cordova-plugin-ionic-webview/CDVWKProcessPoolFactory.m"; sourceTree = "<group>"; fileEncoding = 4; lastKnownFileType = sourcecode.c.objc; explicitFileType = undefined; includeInIndex = 0; };
		ABB48D365EDE4B74B86B3663 /* GCDWebServer.m */ = {isa = PBXFileReference; name = "GCDWebServer.m"; path = "cordova-plugin-ionic-webview/GCDWebServer.m"; sourceTree = "<group>"; fileEncoding = 4; lastKnownFileType = sourcecode.c.objc; explicitFileType = undefined; includeInIndex = 0; };
		1D1C62614AC144AA8031FBB7 /* GCDWebServerConnection.m */ = {isa = PBXFileReference; name = "GCDWebServerConnection.m"; path = "cordova-plugin-ionic-webview/GCDWebServerConnection.m"; sourceTree = "<group>"; fileEncoding = 4; lastKnownFileType = sourcecode.c.objc; explicitFileType = undefined; includeInIndex = 0; };
		D8BD616353974891923BC39F /* GCDWebServerFunctions.m */ = {isa = PBXFileReference; name = "GCDWebServerFunctions.m"; path = "cordova-plugin-ionic-webview/GCDWebServerFunctions.m"; sourceTree = "<group>"; fileEncoding = 4; lastKnownFileType = sourcecode.c.objc; explicitFileType = undefined; includeInIndex = 0; };
		20A255B16F9944D1BEB80687 /* GCDWebServerRequest.m */ = {isa = PBXFileReference; name = "GCDWebServerRequest.m"; path = "cordova-plugin-ionic-webview/GCDWebServerRequest.m"; sourceTree = "<group>"; fileEncoding = 4; lastKnownFileType = sourcecode.c.objc; explicitFileType = undefined; includeInIndex = 0; };
		5E70993099364719BCE33C07 /* GCDWebServerResponse.m */ = {isa = PBXFileReference; name = "GCDWebServerResponse.m"; path = "cordova-plugin-ionic-webview/GCDWebServerResponse.m"; sourceTree = "<group>"; fileEncoding = 4; lastKnownFileType = sourcecode.c.objc; explicitFileType = undefined; includeInIndex = 0; };
		88FC2592FD6241B4920E38E8 /* GCDWebServerDataRequest.m */ = {isa = PBXFileReference; name = "GCDWebServerDataRequest.m"; path = "cordova-plugin-ionic-webview/GCDWebServerDataRequest.m"; sourceTree = "<group>"; fileEncoding = 4; lastKnownFileType = sourcecode.c.objc; explicitFileType = undefined; includeInIndex = 0; };
		44CE5B297416409A91FD2C7B /* GCDWebServerFileRequest.m */ = {isa = PBXFileReference; name = "GCDWebServerFileRequest.m"; path = "cordova-plugin-ionic-webview/GCDWebServerFileRequest.m"; sourceTree = "<group>"; fileEncoding = 4; lastKnownFileType = sourcecode.c.objc; explicitFileType = undefined; includeInIndex = 0; };
		A976B1EBF0A54770A184F93C /* GCDWebServerMultiPartFormRequest.m */ = {isa = PBXFileReference; name = "GCDWebServerMultiPartFormRequest.m"; path = "cordova-plugin-ionic-webview/GCDWebServerMultiPartFormRequest.m"; sourceTree = "<group>"; fileEncoding = 4; lastKnownFileType = sourcecode.c.objc; explicitFileType = undefined; includeInIndex = 0; };
		72D169F05BC74CAC95F08080 /* GCDWebServerURLEncodedFormRequest.m */ = {isa = PBXFileReference; name = "GCDWebServerURLEncodedFormRequest.m"; path = "cordova-plugin-ionic-webview/GCDWebServerURLEncodedFormRequest.m"; sourceTree = "<group>"; fileEncoding = 4; lastKnownFileType = sourcecode.c.objc; explicitFileType = undefined; includeInIndex = 0; };
		110BDB745205410390CD4BFF /* GCDWebServerDataResponse.m */ = {isa = PBXFileReference; name = "GCDWebServerDataResponse.m"; path = "cordova-plugin-ionic-webview/GCDWebServerDataResponse.m"; sourceTree = "<group>"; fileEncoding = 4; lastKnownFileType = sourcecode.c.objc; explicitFileType = undefined; includeInIndex = 0; };
		5D4C1269DA2F4ED3AF16CB4B /* GCDWebServerErrorResponse.m */ = {isa = PBXFileReference; name = "GCDWebServerErrorResponse.m"; path = "cordova-plugin-ionic-webview/GCDWebServerErrorResponse.m"; sourceTree = "<group>"; fileEncoding = 4; lastKnownFileType = sourcecode.c.objc; explicitFileType = undefined; includeInIndex = 0; };
		814D05B20BA64DA1A2D46D96 /* GCDWebServerFileResponse.m */ = {isa = PBXFileReference; name = "GCDWebServerFileResponse.m"; path = "cordova-plugin-ionic-webview/GCDWebServerFileResponse.m"; sourceTree = "<group>"; fileEncoding = 4; lastKnownFileType = sourcecode.c.objc; explicitFileType = undefined; includeInIndex = 0; };
		209B51CE17094C4E8604F8E6 /* GCDWebServerStreamedResponse.m */ = {isa = PBXFileReference; name = "GCDWebServerStreamedResponse.m"; path = "cordova-plugin-ionic-webview/GCDWebServerStreamedResponse.m"; sourceTree = "<group>"; fileEncoding = 4; lastKnownFileType = sourcecode.c.objc; explicitFileType = undefined; includeInIndex = 0; };
		8574A3B32AEE4555BF818EA2 /* CDVWKWebViewEngine.h */ = {isa = PBXFileReference; name = "CDVWKWebViewEngine.h"; path = "cordova-plugin-ionic-webview/CDVWKWebViewEngine.h"; sourceTree = "<group>"; fileEncoding = 4; lastKnownFileType = sourcecode.c.h; explicitFileType = undefined; includeInIndex = 0; };
		A27B8CF4E9214F9CBF9BDC7B /* CDVWKWebViewUIDelegate.h */ = {isa = PBXFileReference; name = "CDVWKWebViewUIDelegate.h"; path = "cordova-plugin-ionic-webview/CDVWKWebViewUIDelegate.h"; sourceTree = "<group>"; fileEncoding = 4; lastKnownFileType = sourcecode.c.h; explicitFileType = undefined; includeInIndex = 0; };
		C3C4B6B530B64B089B4A3A31 /* CDVWKProcessPoolFactory.h */ = {isa = PBXFileReference; name = "CDVWKProcessPoolFactory.h"; path = "cordova-plugin-ionic-webview/CDVWKProcessPoolFactory.h"; sourceTree = "<group>"; fileEncoding = 4; lastKnownFileType = sourcecode.c.h; explicitFileType = undefined; includeInIndex = 0; };
		210BD81EC2DC449C8097505F /* GCDWebServer.h */ = {isa = PBXFileReference; name = "GCDWebServer.h"; path = "cordova-plugin-ionic-webview/GCDWebServer.h"; sourceTree = "<group>"; fileEncoding = 4; lastKnownFileType = sourcecode.c.h; explicitFileType = undefined; includeInIndex = 0; };
		D3FED6A3CAEF4986AB5923B0 /* GCDWebServerConnection.h */ = {isa = PBXFileReference; name = "GCDWebServerConnection.h"; path = "cordova-plugin-ionic-webview/GCDWebServerConnection.h"; sourceTree = "<group>"; fileEncoding = 4; lastKnownFileType = sourcecode.c.h; explicitFileType = undefined; includeInIndex = 0; };
		824C3675B74D481AB6B0F6F3 /* GCDWebServerFunctions.h */ = {isa = PBXFileReference; name = "GCDWebServerFunctions.h"; path = "cordova-plugin-ionic-webview/GCDWebServerFunctions.h"; sourceTree = "<group>"; fileEncoding = 4; lastKnownFileType = sourcecode.c.h; explicitFileType = undefined; includeInIndex = 0; };
		E6E8F26DC921410EA8AEF042 /* GCDWebServerHTTPStatusCodes.h */ = {isa = PBXFileReference; name = "GCDWebServerHTTPStatusCodes.h"; path = "cordova-plugin-ionic-webview/GCDWebServerHTTPStatusCodes.h"; sourceTree = "<group>"; fileEncoding = 4; lastKnownFileType = sourcecode.c.h; explicitFileType = undefined; includeInIndex = 0; };
		51CD403288E24A00A6C6BC45 /* GCDWebServerPrivate.h */ = {isa = PBXFileReference; name = "GCDWebServerPrivate.h"; path = "cordova-plugin-ionic-webview/GCDWebServerPrivate.h"; sourceTree = "<group>"; fileEncoding = 4; lastKnownFileType = sourcecode.c.h; explicitFileType = undefined; includeInIndex = 0; };
		C181451FA835458EAEE6E01E /* GCDWebServerRequest.h */ = {isa = PBXFileReference; name = "GCDWebServerRequest.h"; path = "cordova-plugin-ionic-webview/GCDWebServerRequest.h"; sourceTree = "<group>"; fileEncoding = 4; lastKnownFileType = sourcecode.c.h; explicitFileType = undefined; includeInIndex = 0; };
		D0C9FB1A7F3A4E3F90968D53 /* GCDWebServerResponse.h */ = {isa = PBXFileReference; name = "GCDWebServerResponse.h"; path = "cordova-plugin-ionic-webview/GCDWebServerResponse.h"; sourceTree = "<group>"; fileEncoding = 4; lastKnownFileType = sourcecode.c.h; explicitFileType = undefined; includeInIndex = 0; };
		02AEA5B8150A45F294D601B3 /* GCDWebServerDataRequest.h */ = {isa = PBXFileReference; name = "GCDWebServerDataRequest.h"; path = "cordova-plugin-ionic-webview/GCDWebServerDataRequest.h"; sourceTree = "<group>"; fileEncoding = 4; lastKnownFileType = sourcecode.c.h; explicitFileType = undefined; includeInIndex = 0; };
		11AF0D0734D3452295D81451 /* GCDWebServerFileRequest.h */ = {isa = PBXFileReference; name = "GCDWebServerFileRequest.h"; path = "cordova-plugin-ionic-webview/GCDWebServerFileRequest.h"; sourceTree = "<group>"; fileEncoding = 4; lastKnownFileType = sourcecode.c.h; explicitFileType = undefined; includeInIndex = 0; };
		D74BF91F1F124AE7A06CA39A /* GCDWebServerMultiPartFormRequest.h */ = {isa = PBXFileReference; name = "GCDWebServerMultiPartFormRequest.h"; path = "cordova-plugin-ionic-webview/GCDWebServerMultiPartFormRequest.h"; sourceTree = "<group>"; fileEncoding = 4; lastKnownFileType = sourcecode.c.h; explicitFileType = undefined; includeInIndex = 0; };
		72EC487FB0264CB8A60B0C47 /* GCDWebServerURLEncodedFormRequest.h */ = {isa = PBXFileReference; name = "GCDWebServerURLEncodedFormRequest.h"; path = "cordova-plugin-ionic-webview/GCDWebServerURLEncodedFormRequest.h"; sourceTree = "<group>"; fileEncoding = 4; lastKnownFileType = sourcecode.c.h; explicitFileType = undefined; includeInIndex = 0; };
		5A43055FED864510AEB67D8D /* GCDWebServerDataResponse.h */ = {isa = PBXFileReference; name = "GCDWebServerDataResponse.h"; path = "cordova-plugin-ionic-webview/GCDWebServerDataResponse.h"; sourceTree = "<group>"; fileEncoding = 4; lastKnownFileType = sourcecode.c.h; explicitFileType = undefined; includeInIndex = 0; };
		010F6FF7953F45779AC2DE7E /* GCDWebServerErrorResponse.h */ = {isa = PBXFileReference; name = "GCDWebServerErrorResponse.h"; path = "cordova-plugin-ionic-webview/GCDWebServerErrorResponse.h"; sourceTree = "<group>"; fileEncoding = 4; lastKnownFileType = sourcecode.c.h; explicitFileType = undefined; includeInIndex = 0; };
		4A7DA9E48B9349208CC1482F /* GCDWebServerFileResponse.h */ = {isa = PBXFileReference; name = "GCDWebServerFileResponse.h"; path = "cordova-plugin-ionic-webview/GCDWebServerFileResponse.h"; sourceTree = "<group>"; fileEncoding = 4; lastKnownFileType = sourcecode.c.h; explicitFileType = undefined; includeInIndex = 0; };
		16742D0704A84406AAD632C4 /* GCDWebServerStreamedResponse.h */ = {isa = PBXFileReference; name = "GCDWebServerStreamedResponse.h"; path = "cordova-plugin-ionic-webview/GCDWebServerStreamedResponse.h"; sourceTree = "<group>"; fileEncoding = 4; lastKnownFileType = sourcecode.c.h; explicitFileType = undefined; includeInIndex = 0; };
		A2F1652737FA4A6695DC5F80 /* WebKit.framework */ = {isa = PBXFileReference; name = "WebKit.framework"; path = "System/Library/Frameworks/WebKit.framework"; sourceTree = SDKROOT; fileEncoding = undefined; lastKnownFileType = wrapper.framework; explicitFileType = undefined; includeInIndex = 0; };
		4C5BFF4B17FC4B91A7FBB071 /* libz.tbd */ = {isa = PBXFileReference; name = "libz.tbd"; path = "usr/lib/libz.tbd"; sourceTree = SDKROOT; fileEncoding = undefined; lastKnownFileType = sourcecode.text-based-dylib-definition; explicitFileType = undefined; includeInIndex = 0; };
		149DDAE8DDFB4B848B74A3D6 /* CDVIonicKeyboard.m */ = {isa = PBXFileReference; name = "CDVIonicKeyboard.m"; path = "cordova-plugin-ionic-keyboard/CDVIonicKeyboard.m"; sourceTree = "<group>"; fileEncoding = 4; lastKnownFileType = sourcecode.c.objc; explicitFileType = undefined; includeInIndex = 0; };
		AB532A9007B443A28E6BEFF6 /* CDVIonicKeyboard.h */ = {isa = PBXFileReference; name = "CDVIonicKeyboard.h"; path = "cordova-plugin-ionic-keyboard/CDVIonicKeyboard.h"; sourceTree = "<group>"; fileEncoding = 4; lastKnownFileType = sourcecode.c.h; explicitFileType = undefined; includeInIndex = 0; };
		6A89343A7C054B46AB78C574 /* CDVFile.m */ = {isa = PBXFileReference; name = "CDVFile.m"; path = "cordova-plugin-file/CDVFile.m"; sourceTree = "<group>"; fileEncoding = 4; lastKnownFileType = sourcecode.c.objc; explicitFileType = undefined; includeInIndex = 0; };
		E77C2B194BBC4E8FBF30CED0 /* CDVLocalFilesystem.m */ = {isa = PBXFileReference; name = "CDVLocalFilesystem.m"; path = "cordova-plugin-file/CDVLocalFilesystem.m"; sourceTree = "<group>"; fileEncoding = 4; lastKnownFileType = sourcecode.c.objc; explicitFileType = undefined; includeInIndex = 0; };
		B9379A14F999456888CEDD30 /* CDVAssetLibraryFilesystem.m */ = {isa = PBXFileReference; name = "CDVAssetLibraryFilesystem.m"; path = "cordova-plugin-file/CDVAssetLibraryFilesystem.m"; sourceTree = "<group>"; fileEncoding = 4; lastKnownFileType = sourcecode.c.objc; explicitFileType = undefined; includeInIndex = 0; };
		B1B91F9D78DE41C3893F7A23 /* CDVFile.h */ = {isa = PBXFileReference; name = "CDVFile.h"; path = "cordova-plugin-file/CDVFile.h"; sourceTree = "<group>"; fileEncoding = 4; lastKnownFileType = sourcecode.c.h; explicitFileType = undefined; includeInIndex = 0; };
		400607E76B0B4977AE4EE03D /* CDVLocalFilesystem.h */ = {isa = PBXFileReference; name = "CDVLocalFilesystem.h"; path = "cordova-plugin-file/CDVLocalFilesystem.h"; sourceTree = "<group>"; fileEncoding = 4; lastKnownFileType = sourcecode.c.h; explicitFileType = undefined; includeInIndex = 0; };
		4C90A3CD4BF148D893235E7E /* CDVAssetLibraryFilesystem.h */ = {isa = PBXFileReference; name = "CDVAssetLibraryFilesystem.h"; path = "cordova-plugin-file/CDVAssetLibraryFilesystem.h"; sourceTree = "<group>"; fileEncoding = 4; lastKnownFileType = sourcecode.c.h; explicitFileType = undefined; includeInIndex = 0; };
		E1C48D364DE640E58C9AAF2B /* CordovaHttpPlugin.m */ = {isa = PBXFileReference; name = "CordovaHttpPlugin.m"; path = "cordova-plugin-advanced-http/CordovaHttpPlugin.m"; sourceTree = "<group>"; fileEncoding = 4; lastKnownFileType = sourcecode.c.objc; explicitFileType = undefined; includeInIndex = 0; };
		9C98EDA2269449D0A080D638 /* TextResponseSerializer.m */ = {isa = PBXFileReference; name = "TextResponseSerializer.m"; path = "cordova-plugin-advanced-http/TextResponseSerializer.m"; sourceTree = "<group>"; fileEncoding = 4; lastKnownFileType = sourcecode.c.objc; explicitFileType = undefined; includeInIndex = 0; };
		B881CB58AC1A4DB59A9E3F57 /* TextRequestSerializer.m */ = {isa = PBXFileReference; name = "TextRequestSerializer.m"; path = "cordova-plugin-advanced-http/TextRequestSerializer.m"; sourceTree = "<group>"; fileEncoding = 4; lastKnownFileType = sourcecode.c.objc; explicitFileType = undefined; includeInIndex = 0; };
		1E83E61CBFCC448694C87A59 /* AFHTTPSessionManager.m */ = {isa = PBXFileReference; name = "AFHTTPSessionManager.m"; path = "cordova-plugin-advanced-http/AFHTTPSessionManager.m"; sourceTree = "<group>"; fileEncoding = 4; lastKnownFileType = sourcecode.c.objc; explicitFileType = undefined; includeInIndex = 0; };
		3CE25D4DB6F44AA3B7D02D58 /* AFNetworkReachabilityManager.m */ = {isa = PBXFileReference; name = "AFNetworkReachabilityManager.m"; path = "cordova-plugin-advanced-http/AFNetworkReachabilityManager.m"; sourceTree = "<group>"; fileEncoding = 4; lastKnownFileType = sourcecode.c.objc; explicitFileType = undefined; includeInIndex = 0; };
		E452AB9B126D4E0095BB4FDF /* AFSecurityPolicy.m */ = {isa = PBXFileReference; name = "AFSecurityPolicy.m"; path = "cordova-plugin-advanced-http/AFSecurityPolicy.m"; sourceTree = "<group>"; fileEncoding = 4; lastKnownFileType = sourcecode.c.objc; explicitFileType = undefined; includeInIndex = 0; };
		7D947312C9EB48F1BDAE0BCB /* AFURLRequestSerialization.m */ = {isa = PBXFileReference; name = "AFURLRequestSerialization.m"; path = "cordova-plugin-advanced-http/AFURLRequestSerialization.m"; sourceTree = "<group>"; fileEncoding = 4; lastKnownFileType = sourcecode.c.objc; explicitFileType = undefined; includeInIndex = 0; };
		B3603D8EBA124C9EB1889534 /* AFURLResponseSerialization.m */ = {isa = PBXFileReference; name = "AFURLResponseSerialization.m"; path = "cordova-plugin-advanced-http/AFURLResponseSerialization.m"; sourceTree = "<group>"; fileEncoding = 4; lastKnownFileType = sourcecode.c.objc; explicitFileType = undefined; includeInIndex = 0; };
		45A1F1BE4C98444792E6F90E /* AFURLSessionManager.m */ = {isa = PBXFileReference; name = "AFURLSessionManager.m"; path = "cordova-plugin-advanced-http/AFURLSessionManager.m"; sourceTree = "<group>"; fileEncoding = 4; lastKnownFileType = sourcecode.c.objc; explicitFileType = undefined; includeInIndex = 0; };
		E08306FA7DA64E8089B61679 /* SDNetworkActivityIndicator.m */ = {isa = PBXFileReference; name = "SDNetworkActivityIndicator.m"; path = "cordova-plugin-advanced-http/SDNetworkActivityIndicator.m"; sourceTree = "<group>"; fileEncoding = 4; lastKnownFileType = sourcecode.c.objc; explicitFileType = undefined; includeInIndex = 0; };
		EE7DC56456834C9B907A6E8C /* CordovaHttpPlugin.h */ = {isa = PBXFileReference; name = "CordovaHttpPlugin.h"; path = "cordova-plugin-advanced-http/CordovaHttpPlugin.h"; sourceTree = "<group>"; fileEncoding = 4; lastKnownFileType = sourcecode.c.h; explicitFileType = undefined; includeInIndex = 0; };
		D148A8943EDB4FAEB3469B41 /* TextResponseSerializer.h */ = {isa = PBXFileReference; name = "TextResponseSerializer.h"; path = "cordova-plugin-advanced-http/TextResponseSerializer.h"; sourceTree = "<group>"; fileEncoding = 4; lastKnownFileType = sourcecode.c.h; explicitFileType = undefined; includeInIndex = 0; };
		7CA3B67283564593933BAFF5 /* TextRequestSerializer.h */ = {isa = PBXFileReference; name = "TextRequestSerializer.h"; path = "cordova-plugin-advanced-http/TextRequestSerializer.h"; sourceTree = "<group>"; fileEncoding = 4; lastKnownFileType = sourcecode.c.h; explicitFileType = undefined; includeInIndex = 0; };
		F522D6293B0C4F11BE6AC123 /* AFHTTPSessionManager.h */ = {isa = PBXFileReference; name = "AFHTTPSessionManager.h"; path = "cordova-plugin-advanced-http/AFHTTPSessionManager.h"; sourceTree = "<group>"; fileEncoding = 4; lastKnownFileType = sourcecode.c.h; explicitFileType = undefined; includeInIndex = 0; };
		845A9874C6AF496FA802D86D /* AFNetworking.h */ = {isa = PBXFileReference; name = "AFNetworking.h"; path = "cordova-plugin-advanced-http/AFNetworking.h"; sourceTree = "<group>"; fileEncoding = 4; lastKnownFileType = sourcecode.c.h; explicitFileType = undefined; includeInIndex = 0; };
		CDD99FC7A0DC4FA6A998FC01 /* AFNetworkReachabilityManager.h */ = {isa = PBXFileReference; name = "AFNetworkReachabilityManager.h"; path = "cordova-plugin-advanced-http/AFNetworkReachabilityManager.h"; sourceTree = "<group>"; fileEncoding = 4; lastKnownFileType = sourcecode.c.h; explicitFileType = undefined; includeInIndex = 0; };
		1B9BF4AD121D4301B7B4F4D4 /* AFSecurityPolicy.h */ = {isa = PBXFileReference; name = "AFSecurityPolicy.h"; path = "cordova-plugin-advanced-http/AFSecurityPolicy.h"; sourceTree = "<group>"; fileEncoding = 4; lastKnownFileType = sourcecode.c.h; explicitFileType = undefined; includeInIndex = 0; };
		CF2E66E3F1E34CE584AF14BD /* AFURLRequestSerialization.h */ = {isa = PBXFileReference; name = "AFURLRequestSerialization.h"; path = "cordova-plugin-advanced-http/AFURLRequestSerialization.h"; sourceTree = "<group>"; fileEncoding = 4; lastKnownFileType = sourcecode.c.h; explicitFileType = undefined; includeInIndex = 0; };
		C310ED8F88F84437B622B9C3 /* AFURLResponseSerialization.h */ = {isa = PBXFileReference; name = "AFURLResponseSerialization.h"; path = "cordova-plugin-advanced-http/AFURLResponseSerialization.h"; sourceTree = "<group>"; fileEncoding = 4; lastKnownFileType = sourcecode.c.h; explicitFileType = undefined; includeInIndex = 0; };
		BF3C6BE7D76A41D48ADAE646 /* AFURLSessionManager.h */ = {isa = PBXFileReference; name = "AFURLSessionManager.h"; path = "cordova-plugin-advanced-http/AFURLSessionManager.h"; sourceTree = "<group>"; fileEncoding = 4; lastKnownFileType = sourcecode.c.h; explicitFileType = undefined; includeInIndex = 0; };
		C9888055D0674913BB5C6E43 /* SDNetworkActivityIndicator.h */ = {isa = PBXFileReference; name = "SDNetworkActivityIndicator.h"; path = "cordova-plugin-advanced-http/SDNetworkActivityIndicator.h"; sourceTree = "<group>"; fileEncoding = 4; lastKnownFileType = sourcecode.c.h; explicitFileType = undefined; includeInIndex = 0; };
		8181A3A7D0264B819F1C5370 /* Security.framework */ = {isa = PBXFileReference; name = "Security.framework"; path = "System/Library/Frameworks/Security.framework"; sourceTree = SDKROOT; fileEncoding = undefined; lastKnownFileType = wrapper.framework; explicitFileType = undefined; includeInIndex = 0; };
		7260D444DB8A4946B426235C /* SystemConfiguration.framework */ = {isa = PBXFileReference; name = "SystemConfiguration.framework"; path = "System/Library/Frameworks/SystemConfiguration.framework"; sourceTree = SDKROOT; fileEncoding = undefined; lastKnownFileType = wrapper.framework; explicitFileType = undefined; includeInIndex = 0; };
/* End PBXFileReference section */

/* Begin PBXFrameworksBuildPhase section */
		1D60588F0D05DD3D006BFB54 /* Frameworks */ = {
			isa = PBXFrameworksBuildPhase;
			buildActionMask = 2147483647;
			files = (
				301BF552109A68D80062928A /* libCordova.a in Frameworks */,
				84B53C3F480147ECB4B2FD44 /* WebKit.framework in Frameworks */,
				837CA8B310D8442F85294F57 /* libz.tbd in Frameworks */,
				2C037D7A2BBF4DC3B1E8B97A /* Security.framework in Frameworks */,
				B3795A81E0804A09AB79F53D /* SystemConfiguration.framework in Frameworks */,
			);
			runOnlyForDeploymentPostprocessing = 0;
		};
/* End PBXFrameworksBuildPhase section */

/* Begin PBXGroup section */
		080E96DDFE201D6D7F000001 /* Classes */ = {
			isa = PBXGroup;
			children = (
				302D95EE14D2391D003F00A1 /* MainViewController.h */,
				302D95EF14D2391D003F00A1 /* MainViewController.m */,
				302D95F014D2391D003F00A1 /* MainViewController.xib */,
				1D3623240D0F684500981E51 /* AppDelegate.h */,
				1D3623250D0F684500981E51 /* AppDelegate.m */,
			);
			name = Classes;
			path = "simplepos/Classes";
			sourceTree = SOURCE_ROOT;
		};
		19C28FACFE9D520D11CA2CBB /* Products */ = {
			isa = PBXGroup;
			children = (
				1D6058910D05DD3D006BFB54 /* simplepos.app */,
			);
			name = Products;
			sourceTree = "<group>";
		};
		29B97314FDCFA39411CA2CEA /* CustomTemplate */ = {
			isa = PBXGroup;
			children = (
				EB87FDF41871DAF40020F90C /* config.xml */,
				EB87FDF31871DA8E0020F90C /* www */,
				EB87FDF11871DA420020F90C /* Staging */,
				301BF52D109A57CC0062928A /* CordovaLib.xcodeproj */,
				080E96DDFE201D6D7F000001 /* Classes */,
				307C750510C5A3420062BCA9 /* Plugins */,
				29B97315FDCFA39411CA2CEA /* Other Sources */,
				29B97317FDCFA39411CA2CEA /* Resources */,
				29B97323FDCFA39411CA2CEA /* Frameworks */,
				19C28FACFE9D520D11CA2CBB /* Products */,
			);
			name = CustomTemplate;
			sourceTree = "<group>";
		};
		29B97315FDCFA39411CA2CEA /* Other Sources */ = {
			isa = PBXGroup;
			children = (
				32CA4F630368D1EE00C91783 /* simplepos-Prefix.pch */,
				29B97316FDCFA39411CA2CEA /* main.m */,
				ED33DF2A687741AEAF9F8254 /* Bridging-Header.h */,
			);
			name = "Other Sources";
			path = "simplepos";
			sourceTree = "<group>";
		};
		29B97317FDCFA39411CA2CEA /* Resources */ = {
			isa = PBXGroup;
			children = (
				0207DA571B56EA530066E2B4 /* Images.xcassets */,
				3047A50E1AB8057F00498E2A /* config */,
				8D1107310486CEB800E47090 /* simplepos-Info.plist */,
				6AFF5BF81D6E424B00AB3073 /* CDVLaunchScreen.storyboard */,
			);
			name = Resources;
			path = "simplepos/Resources";
			sourceTree = "<group>";
		};
		29B97323FDCFA39411CA2CEA /* Frameworks */ = {
			isa = PBXGroup;
			children = (
				A2F1652737FA4A6695DC5F80 /* WebKit.framework */,
				4C5BFF4B17FC4B91A7FBB071 /* libz.tbd */,
				8181A3A7D0264B819F1C5370 /* Security.framework */,
				7260D444DB8A4946B426235C /* SystemConfiguration.framework */,
			);
			name = Frameworks;
			sourceTree = "<group>";
		};
		301BF52E109A57CC0062928A /* Products */ = {
			isa = PBXGroup;
			children = (
				301BF535109A57CC0062928A /* libCordova.a */,
			);
			name = Products;
			sourceTree = "<group>";
		};
		3047A50E1AB8057F00498E2A /* config */ = {
			isa = PBXGroup;
			children = (
				3047A50F1AB8059700498E2A /* build-debug.xcconfig */,
				3047A5101AB8059700498E2A /* build-release.xcconfig */,
				3047A5111AB8059700498E2A /* build.xcconfig */,
			);
			name = config;
			sourceTree = "<group>";
		};
		307C750510C5A3420062BCA9 /* Plugins */ = {
			isa = PBXGroup;
			children = (
				D9B2A400BACE4D4DBD5B26EB /* CDVStatusBar.m */,
				0C068E7FD8AC4E24950BA666 /* CDVStatusBar.h */,
				262976073D58480F83B9D871 /* CDVDevice.m */,
				CFDE6B8E04CC4FC3BA45788B /* CDVDevice.h */,
				561E4D656FAE48AA81FA5A1F /* CDVSplashScreen.m */,
				6E632ADB1A344DF5904456AC /* CDVViewController+SplashScreen.m */,
				753AB64FB1EA4387806FD99E /* CDVSplashScreen.h */,
				F52511D650A04DA98A99DEC6 /* CDVViewController+SplashScreen.h */,
				145AA7DC8B5D43D19E5F91D2 /* CDVWKWebViewEngine.m */,
				4F5814F67B4D49CBB52A66A7 /* CDVWKWebViewUIDelegate.m */,
				889E607CFE5045F7AF263F0A /* CDVWKProcessPoolFactory.m */,
				ABB48D365EDE4B74B86B3663 /* GCDWebServer.m */,
				1D1C62614AC144AA8031FBB7 /* GCDWebServerConnection.m */,
				D8BD616353974891923BC39F /* GCDWebServerFunctions.m */,
				20A255B16F9944D1BEB80687 /* GCDWebServerRequest.m */,
				5E70993099364719BCE33C07 /* GCDWebServerResponse.m */,
				88FC2592FD6241B4920E38E8 /* GCDWebServerDataRequest.m */,
				44CE5B297416409A91FD2C7B /* GCDWebServerFileRequest.m */,
				A976B1EBF0A54770A184F93C /* GCDWebServerMultiPartFormRequest.m */,
				72D169F05BC74CAC95F08080 /* GCDWebServerURLEncodedFormRequest.m */,
				110BDB745205410390CD4BFF /* GCDWebServerDataResponse.m */,
				5D4C1269DA2F4ED3AF16CB4B /* GCDWebServerErrorResponse.m */,
				814D05B20BA64DA1A2D46D96 /* GCDWebServerFileResponse.m */,
				209B51CE17094C4E8604F8E6 /* GCDWebServerStreamedResponse.m */,
				8574A3B32AEE4555BF818EA2 /* CDVWKWebViewEngine.h */,
				A27B8CF4E9214F9CBF9BDC7B /* CDVWKWebViewUIDelegate.h */,
				C3C4B6B530B64B089B4A3A31 /* CDVWKProcessPoolFactory.h */,
				210BD81EC2DC449C8097505F /* GCDWebServer.h */,
				D3FED6A3CAEF4986AB5923B0 /* GCDWebServerConnection.h */,
				824C3675B74D481AB6B0F6F3 /* GCDWebServerFunctions.h */,
				E6E8F26DC921410EA8AEF042 /* GCDWebServerHTTPStatusCodes.h */,
				51CD403288E24A00A6C6BC45 /* GCDWebServerPrivate.h */,
				C181451FA835458EAEE6E01E /* GCDWebServerRequest.h */,
				D0C9FB1A7F3A4E3F90968D53 /* GCDWebServerResponse.h */,
				02AEA5B8150A45F294D601B3 /* GCDWebServerDataRequest.h */,
				11AF0D0734D3452295D81451 /* GCDWebServerFileRequest.h */,
				D74BF91F1F124AE7A06CA39A /* GCDWebServerMultiPartFormRequest.h */,
				72EC487FB0264CB8A60B0C47 /* GCDWebServerURLEncodedFormRequest.h */,
				5A43055FED864510AEB67D8D /* GCDWebServerDataResponse.h */,
				010F6FF7953F45779AC2DE7E /* GCDWebServerErrorResponse.h */,
				4A7DA9E48B9349208CC1482F /* GCDWebServerFileResponse.h */,
				16742D0704A84406AAD632C4 /* GCDWebServerStreamedResponse.h */,
				149DDAE8DDFB4B848B74A3D6 /* CDVIonicKeyboard.m */,
				AB532A9007B443A28E6BEFF6 /* CDVIonicKeyboard.h */,
				6A89343A7C054B46AB78C574 /* CDVFile.m */,
				E77C2B194BBC4E8FBF30CED0 /* CDVLocalFilesystem.m */,
				B9379A14F999456888CEDD30 /* CDVAssetLibraryFilesystem.m */,
				B1B91F9D78DE41C3893F7A23 /* CDVFile.h */,
				400607E76B0B4977AE4EE03D /* CDVLocalFilesystem.h */,
				4C90A3CD4BF148D893235E7E /* CDVAssetLibraryFilesystem.h */,
				E1C48D364DE640E58C9AAF2B /* CordovaHttpPlugin.m */,
				9C98EDA2269449D0A080D638 /* TextResponseSerializer.m */,
				B881CB58AC1A4DB59A9E3F57 /* TextRequestSerializer.m */,
				1E83E61CBFCC448694C87A59 /* AFHTTPSessionManager.m */,
				3CE25D4DB6F44AA3B7D02D58 /* AFNetworkReachabilityManager.m */,
				E452AB9B126D4E0095BB4FDF /* AFSecurityPolicy.m */,
				7D947312C9EB48F1BDAE0BCB /* AFURLRequestSerialization.m */,
				B3603D8EBA124C9EB1889534 /* AFURLResponseSerialization.m */,
				45A1F1BE4C98444792E6F90E /* AFURLSessionManager.m */,
				E08306FA7DA64E8089B61679 /* SDNetworkActivityIndicator.m */,
				EE7DC56456834C9B907A6E8C /* CordovaHttpPlugin.h */,
				D148A8943EDB4FAEB3469B41 /* TextResponseSerializer.h */,
				7CA3B67283564593933BAFF5 /* TextRequestSerializer.h */,
				F522D6293B0C4F11BE6AC123 /* AFHTTPSessionManager.h */,
				845A9874C6AF496FA802D86D /* AFNetworking.h */,
				CDD99FC7A0DC4FA6A998FC01 /* AFNetworkReachabilityManager.h */,
				1B9BF4AD121D4301B7B4F4D4 /* AFSecurityPolicy.h */,
				CF2E66E3F1E34CE584AF14BD /* AFURLRequestSerialization.h */,
				C310ED8F88F84437B622B9C3 /* AFURLResponseSerialization.h */,
				BF3C6BE7D76A41D48ADAE646 /* AFURLSessionManager.h */,
				C9888055D0674913BB5C6E43 /* SDNetworkActivityIndicator.h */,
			);
			name = Plugins;
			path = "simplepos/Plugins";
			sourceTree = SOURCE_ROOT;
		};
		EB87FDF11871DA420020F90C /* Staging */ = {
			isa = PBXGroup;
			children = (
				F840E1F0165FE0F500CFE078 /* config.xml */,
				301BF56E109A69640062928A /* www */,
			);
			name = Staging;
			sourceTree = "<group>";
		};
/* End PBXGroup section */

/* Begin PBXNativeTarget section */
		1D6058900D05DD3D006BFB54 /* simplepos */ = {
			isa = PBXNativeTarget;
			buildConfigurationList = 1D6058960D05DD3E006BFB54 /* Build configuration list for PBXNativeTarget "simplepos" */;
			buildPhases = (
				304B58A110DAC018002A0835 /* Copy www directory */,
				1D60588D0D05DD3D006BFB54 /* Resources */,
				1D60588E0D05DD3D006BFB54 /* Sources */,
				1D60588F0D05DD3D006BFB54 /* Frameworks */,
			);
			buildRules = (
			);
			dependencies = (
				301BF551109A68C00062928A /* PBXTargetDependency */,
			);
			name = "simplepos";
			productName = "simplepos";
			productReference = 1D6058910D05DD3D006BFB54 /* simplepos.app */;
			productType = "com.apple.product-type.application";
		};
/* End PBXNativeTarget section */

/* Begin PBXProject section */
		29B97313FDCFA39411CA2CEA /* Project object */ = {
			isa = PBXProject;
			attributes = {
				LastUpgradeCheck = 510;
			};
			buildConfigurationList = C01FCF4E08A954540054247B /* Build configuration list for PBXProject "__NON-CLI__" */;
			compatibilityVersion = "Xcode 3.2";
			developmentRegion = English;
			hasScannedForEncodings = 1;
			mainGroup = 29B97314FDCFA39411CA2CEA /* CustomTemplate */;
			projectDirPath = "";
			projectReferences = (
				{
					ProductGroup = 301BF52E109A57CC0062928A /* Products */;
					ProjectRef = 301BF52D109A57CC0062928A /* CordovaLib.xcodeproj */;
				},
			);
			projectRoot = "";
			targets = (
				1D6058900D05DD3D006BFB54 /* simplepos */,
			);
		};
/* End PBXProject section */

/* Begin PBXReferenceProxy section */
		301BF535109A57CC0062928A /* libCordova.a */ = {
			isa = PBXReferenceProxy;
			fileType = archive.ar;
			path = libCordova.a;
			remoteRef = 301BF534109A57CC0062928A /* PBXContainerItemProxy */;
			sourceTree = BUILT_PRODUCTS_DIR;
		};
/* End PBXReferenceProxy section */

/* Begin PBXResourcesBuildPhase section */
		1D60588D0D05DD3D006BFB54 /* Resources */ = {
			isa = PBXResourcesBuildPhase;
			buildActionMask = 2147483647;
			files = (
				302D95F214D2391D003F00A1 /* MainViewController.xib in Resources */,
				0207DA581B56EA530066E2B4 /* Images.xcassets in Resources */,
				6AFF5BF91D6E424B00AB3073 /* CDVLaunchScreen.storyboard in Resources */,
			);
			runOnlyForDeploymentPostprocessing = 0;
		};
/* End PBXResourcesBuildPhase section */

/* Begin PBXShellScriptBuildPhase section */
		304B58A110DAC018002A0835 /* Copy www directory */ = {
			isa = PBXShellScriptBuildPhase;
			buildActionMask = 2147483647;
			files = (
			);
			inputPaths = (
			);
			name = "Copy www directory";
			outputPaths = (
			);
			runOnlyForDeploymentPostprocessing = 0;
			shellPath = /bin/sh;
			shellScript = "NODEJS_PATH=/usr/local/bin; NVM_NODE_PATH=~/.nvm/versions/node/`nvm version 2>/dev/null`/bin; N_NODE_PATH=`find /usr/local/n/versions/node/* -maxdepth 0 -type d 2>/dev/null | tail -1`/bin; XCODE_NODE_PATH=`xcode-select --print-path`/usr/share/xcs/Node/bin; PATH=$NODEJS_PATH:$NVM_NODE_PATH:$N_NODE_PATH:$XCODE_NODE_PATH:$PATH && node cordova/lib/copy-www-build-step.js";
			showEnvVarsInLog = 0;
		};
/* End PBXShellScriptBuildPhase section */

/* Begin PBXSourcesBuildPhase section */
		1D60588E0D05DD3D006BFB54 /* Sources */ = {
			isa = PBXSourcesBuildPhase;
			buildActionMask = 2147483647;
			files = (
				1D60589B0D05DD56006BFB54 /* main.m in Sources */,
				1D3623260D0F684500981E51 /* AppDelegate.m in Sources */,
				302D95F114D2391D003F00A1 /* MainViewController.m in Sources */,
				42A7533DC3614453B3276D98 /* CDVStatusBar.m in Sources */,
				693F4F3CFDFD488FA28B4B20 /* CDVDevice.m in Sources */,
				9F341CE8B9664CA99D0BA487 /* CDVSplashScreen.m in Sources */,
				9A5B8472DD6742B28C18379B /* CDVViewController+SplashScreen.m in Sources */,
				2FBDD264B7C5464395A12486 /* CDVWKWebViewEngine.m in Sources */,
				956252CA23B84C08BB4C8F9B /* CDVWKWebViewUIDelegate.m in Sources */,
				0EF809783E674699AF049187 /* CDVWKProcessPoolFactory.m in Sources */,
				B7A11773D61C4ECFABEB3B98 /* GCDWebServer.m in Sources */,
				98666DAC71C7480CA501BBDF /* GCDWebServerConnection.m in Sources */,
				9455078719364EEC9176D4C8 /* GCDWebServerFunctions.m in Sources */,
				75047E91C16145D68EC52B75 /* GCDWebServerRequest.m in Sources */,
				EDEF889C2E264E98BCFD8907 /* GCDWebServerResponse.m in Sources */,
				BE4A855B8CC04E7290051CF6 /* GCDWebServerDataRequest.m in Sources */,
				17152201B931456EB971F20F /* GCDWebServerFileRequest.m in Sources */,
				1C0F5C6BE6E341D0ADFC8BF7 /* GCDWebServerMultiPartFormRequest.m in Sources */,
				3A3B6BDCFFC449A0BA96EEA2 /* GCDWebServerURLEncodedFormRequest.m in Sources */,
				BFC421CC31A34EBEA6299B02 /* GCDWebServerDataResponse.m in Sources */,
				6446CF2B4AB047BA88D07B8E /* GCDWebServerErrorResponse.m in Sources */,
				50754902E3AA467E87EE2F08 /* GCDWebServerFileResponse.m in Sources */,
				CFD7EDC379C3453D8938669B /* GCDWebServerStreamedResponse.m in Sources */,
				38484E0563504DC78C6BE7CF /* CDVIonicKeyboard.m in Sources */,
				36CBB1E534F64A8BB24B5414 /* CDVFile.m in Sources */,
				A32D8327E57244AEA32C1A02 /* CDVLocalFilesystem.m in Sources */,
				270C9E97C2B54450B75D2F4A /* CDVAssetLibraryFilesystem.m in Sources */,
				EE5E785F09ED4A65B96ABC0C /* CordovaHttpPlugin.m in Sources */,
				2D5DF2138F4C4895B00723D4 /* TextResponseSerializer.m in Sources */,
				EA6F9D890C5B4B23BE0D41A5 /* TextRequestSerializer.m in Sources */,
				B56F55177916453C824D464F /* AFHTTPSessionManager.m in Sources */,
				BC3430A2EDFE4C5E86768922 /* AFNetworkReachabilityManager.m in Sources */,
				04E51044ADBA42FF9D5C8D0E /* AFSecurityPolicy.m in Sources */,
				A2786817A2ED4A83B627AFC8 /* AFURLRequestSerialization.m in Sources */,
				EFA3B6C83FB7448DA1CAC4D8 /* AFURLResponseSerialization.m in Sources */,
				7713F86CC1234EE2B69BA6F1 /* AFURLSessionManager.m in Sources */,
				3727CDB036BB4D508C272E97 /* SDNetworkActivityIndicator.m in Sources */,
			);
			runOnlyForDeploymentPostprocessing = 0;
		};
/* End PBXSourcesBuildPhase section */

/* Begin PBXTargetDependency section */
		301BF551109A68C00062928A /* PBXTargetDependency */ = {
			isa = PBXTargetDependency;
			name = CordovaLib;
			targetProxy = 301BF550109A68C00062928A /* PBXContainerItemProxy */;
		};
/* End PBXTargetDependency section */

/* Begin XCBuildConfiguration section */
		1D6058940D05DD3E006BFB54 /* Debug */ = {
			isa = XCBuildConfiguration;
			baseConfigurationReference = 3047A50F1AB8059700498E2A /* build-debug.xcconfig */;
			buildSettings = {
				ALWAYS_SEARCH_USER_PATHS = NO;
				ASSETCATALOG_COMPILER_APPICON_NAME = AppIcon;
				ASSETCATALOG_COMPILER_LAUNCHIMAGE_NAME = LaunchImage;
				CLANG_ENABLE_MODULES = YES;
				CLANG_ENABLE_OBJC_ARC = YES;
				COPY_PHASE_STRIP = NO;
				GCC_DYNAMIC_NO_PIC = NO;
				GCC_OPTIMIZATION_LEVEL = 0;
				GCC_PRECOMPILE_PREFIX_HEADER = YES;
				GCC_PREFIX_HEADER = "simplepos/simplepos-Prefix.pch";
				GCC_THUMB_SUPPORT = NO;
				GCC_VERSION = "";
				INFOPLIST_FILE = "simplepos/simplepos-Info.plist";
				IPHONEOS_DEPLOYMENT_TARGET = 9.0;
				LD_RUNPATH_SEARCH_PATHS = "@executable_path/Frameworks";
				TARGETED_DEVICE_FAMILY = "1,2";
				PRODUCT_NAME = "simplepos";
			};
			name = Debug;
		};
		1D6058950D05DD3E006BFB54 /* Release */ = {
			isa = XCBuildConfiguration;
			baseConfigurationReference = 3047A5101AB8059700498E2A /* build-release.xcconfig */;
			buildSettings = {
				ALWAYS_SEARCH_USER_PATHS = NO;
				ASSETCATALOG_COMPILER_APPICON_NAME = AppIcon;
				ASSETCATALOG_COMPILER_LAUNCHIMAGE_NAME = LaunchImage;
				CLANG_ENABLE_MODULES = YES;
				CLANG_ENABLE_OBJC_ARC = YES;
				COPY_PHASE_STRIP = YES;
				GCC_PRECOMPILE_PREFIX_HEADER = YES;
				GCC_PREFIX_HEADER = "simplepos/simplepos-Prefix.pch";
				GCC_THUMB_SUPPORT = NO;
				GCC_VERSION = "";
				INFOPLIST_FILE = "simplepos/simplepos-Info.plist";
				IPHONEOS_DEPLOYMENT_TARGET = 9.0;
				LD_RUNPATH_SEARCH_PATHS = "@executable_path/Frameworks";
				TARGETED_DEVICE_FAMILY = "1,2";
				PRODUCT_NAME = "simplepos";
			};
			name = Release;
		};
		C01FCF4F08A954540054247B /* Debug */ = {
			isa = XCBuildConfiguration;
			baseConfigurationReference = 3047A5111AB8059700498E2A /* build.xcconfig */;
			buildSettings = {
				CLANG_ENABLE_MODULES = YES;
				CLANG_ENABLE_OBJC_ARC = YES;
				CLANG_WARN_BOOL_CONVERSION = YES;
				CLANG_WARN_CONSTANT_CONVERSION = YES;
				CLANG_WARN_EMPTY_BODY = YES;
				CLANG_WARN_ENUM_CONVERSION = YES;
				CLANG_WARN_INT_CONVERSION = YES;
				CLANG_WARN__DUPLICATE_METHOD_MATCH = YES;
				GCC_C_LANGUAGE_STANDARD = c99;
				GCC_THUMB_SUPPORT = NO;
				GCC_VERSION = "";
				GCC_WARN_ABOUT_RETURN_TYPE = YES;
				GCC_WARN_UNDECLARED_SELECTOR = YES;
				GCC_WARN_UNINITIALIZED_AUTOS = YES;
				GCC_WARN_UNUSED_FUNCTION = YES;
				GCC_WARN_UNUSED_VARIABLE = YES;
				ONLY_ACTIVE_ARCH = YES;
				SDKROOT = iphoneos;
				SKIP_INSTALL = NO;
			};
			name = Debug;
		};
		C01FCF5008A954540054247B /* Release */ = {
			isa = XCBuildConfiguration;
			baseConfigurationReference = 3047A5111AB8059700498E2A /* build.xcconfig */;
			buildSettings = {
				CLANG_ENABLE_MODULES = YES;
				CLANG_ENABLE_OBJC_ARC = YES;
				CLANG_WARN_BOOL_CONVERSION = YES;
				CLANG_WARN_CONSTANT_CONVERSION = YES;
				CLANG_WARN_EMPTY_BODY = YES;
				CLANG_WARN_ENUM_CONVERSION = YES;
				CLANG_WARN_INT_CONVERSION = YES;
				CLANG_WARN__DUPLICATE_METHOD_MATCH = YES;
				GCC_C_LANGUAGE_STANDARD = c99;
				GCC_THUMB_SUPPORT = NO;
				GCC_VERSION = "";
				GCC_WARN_ABOUT_RETURN_TYPE = YES;
				GCC_WARN_UNDECLARED_SELECTOR = YES;
				GCC_WARN_UNINITIALIZED_AUTOS = YES;
				GCC_WARN_UNUSED_FUNCTION = YES;
				GCC_WARN_UNUSED_VARIABLE = YES;
				SDKROOT = iphoneos;
				SKIP_INSTALL = NO;
			};
			name = Release;
		};
/* End XCBuildConfiguration section */

/* Begin XCConfigurationList section */
		1D6058960D05DD3E006BFB54 /* Build configuration list for PBXNativeTarget "simplepos" */ = {
			isa = XCConfigurationList;
			buildConfigurations = (
				1D6058940D05DD3E006BFB54 /* Debug */,
				1D6058950D05DD3E006BFB54 /* Release */,
			);
			defaultConfigurationIsVisible = 0;
			defaultConfigurationName = Release;
		};
		C01FCF4E08A954540054247B /* Build configuration list for PBXProject "__NON-CLI__" */ = {
			isa = XCConfigurationList;
			buildConfigurations = (
				C01FCF4F08A954540054247B /* Debug */,
				C01FCF5008A954540054247B /* Release */,
			);
			defaultConfigurationIsVisible = 0;
			defaultConfigurationName = Release;
		};
/* End XCConfigurationList section */
	};
	rootObject = 29B97313FDCFA39411CA2CEA /* Project object */;
}
